
Microsoft Visual Studio Solution File, Format Version 12.00
# Visual Studio Version 17
VisualStudioVersion = 17.14.36623.8 d17.14
MinimumVisualStudioVersion = 10.0.40219.1
Project("{FAE04EC0-301F-11D3-BF4B-00C04F79EFBC}") = "Student", "Student\Student.csproj", "{06E97F57-1B2B-4454-8C14-9DED3111DBAD}"
EndProject
Global
	GlobalSection(SolutionConfigurationPlatforms) = preSolution
		Debug|Any CPU = Debug|Any CPU
		Release|Any CPU = Release|Any CPU
	EndGlobalSection
	GlobalSection(ProjectConfigurationPlatforms) = postSolution
		{06E97F57-1B2B-4454-8C14-9DED3111DBAD}.Debug|Any CPU.ActiveCfg = Debug|Any CPU
		{06E97F57-1B2B-4454-8C14-9DED3111DBAD}.Debug|Any CPU.Build.0 = Debug|Any CPU
		{06E97F57-1B2B-4454-8C14-9DED3111DBAD}.Release|Any CPU.ActiveCfg = Release|Any CPU
		{06E97F57-1B2B-4454-8C14-9DED3111DBAD}.Release|Any CPU.Build.0 = Release|Any CPU
	EndGlobalSection
	GlobalSection(SolutionProperties) = preSolution
		HideSolutionNode = FALSE
	EndGlobalSection
	GlobalSection(ExtensibilityGlobals) = postSolution
		SolutionGuid = {E96A396A-3293-4347-8860-FF966B0D305B}
	EndGlobalSection
EndGlobal
